
Microsoft Visual Studio Solution File, Format Version 12.00
# Visual Studio Version 17
VisualStudioVersion = 17.6.33815.320
MinimumVisualStudioVersion = 10.0.40219.1
Project("{FAE04EC0-301F-11D3-BF4B-00C04F79EFBC}") = "displayNode", "displayNode\displayNode.csproj", "{038D1355-5F4A-46FD-B0A5-6CA65B247181}"
EndProject
Global
	GlobalSection(SolutionConfigurationPlatforms) = preSolution
		Debug|Any CPU = Debug|Any CPU
		Release|Any CPU = Release|Any CPU
	EndGlobalSection
	GlobalSection(ProjectConfigurationPlatforms) = postSolution
		{038D1355-5F4A-46FD-B0A5-6CA65B247181}.Debug|Any CPU.ActiveCfg = Debug|Any CPU
		{038D1355-5F4A-46FD-B0A5-6CA65B247181}.Debug|Any CPU.Build.0 = Debug|Any CPU
		{038D1355-5F4A-46FD-B0A5-6CA65B247181}.Release|Any CPU.ActiveCfg = Release|Any CPU
		{038D1355-5F4A-46FD-B0A5-6CA65B247181}.Release|Any CPU.Build.0 = Release|Any CPU
	EndGlobalSection
	GlobalSection(SolutionProperties) = preSolution
		HideSolutionNode = FALSE
	EndGlobalSection
	GlobalSection(ExtensibilityGlobals) = postSolution
		SolutionGuid = {782D0B2B-AB39-4515-9691-7BFC3A8D6C43}
	EndGlobalSection
EndGlobal
