
Microsoft Visual Studio Solution File, Format Version 12.00
# Visual Studio Version 17
VisualStudioVersion = 17.6.33815.320
MinimumVisualStudioVersion = 10.0.40219.1
Project("{FAE04EC0-301F-11D3-BF4B-00C04F79EFBC}") = "parking", "parking\parking.csproj", "{E379AD12-E0CA-41D4-9863-9A141345EC6C}"
EndProject
Global
	GlobalSection(SolutionConfigurationPlatforms) = preSolution
		Debug|Any CPU = Debug|Any CPU
		Release|Any CPU = Release|Any CPU
	EndGlobalSection
	GlobalSection(ProjectConfigurationPlatforms) = postSolution
		{E379AD12-E0CA-41D4-9863-9A141345EC6C}.Debug|Any CPU.ActiveCfg = Debug|Any CPU
		{E379AD12-E0CA-41D4-9863-9A141345EC6C}.Debug|Any CPU.Build.0 = Debug|Any CPU
		{E379AD12-E0CA-41D4-9863-9A141345EC6C}.Release|Any CPU.ActiveCfg = Release|Any CPU
		{E379AD12-E0CA-41D4-9863-9A141345EC6C}.Release|Any CPU.Build.0 = Release|Any CPU
	EndGlobalSection
	GlobalSection(SolutionProperties) = preSolution
		HideSolutionNode = FALSE
	EndGlobalSection
	GlobalSection(ExtensibilityGlobals) = postSolution
		SolutionGuid = {8FD66680-FFDE-4B91-BC6F-94A916F5F533}
	EndGlobalSection
EndGlobal
