
Microsoft Visual Studio Solution File, Format Version 12.00
# Visual Studio Version 17
VisualStudioVersion = 17.6.33815.320
MinimumVisualStudioVersion = 10.0.40219.1
Project("{FAE04EC0-301F-11D3-BF4B-00C04F79EFBC}") = "Expno4", "Expno4\Expno4.csproj", "{ADA4D716-D7C2-4128-A93D-3BDE94912C22}"
EndProject
Global
	GlobalSection(SolutionConfigurationPlatforms) = preSolution
		Debug|Any CPU = Debug|Any CPU
		Release|Any CPU = Release|Any CPU
	EndGlobalSection
	GlobalSection(ProjectConfigurationPlatforms) = postSolution
		{ADA4D716-D7C2-4128-A93D-3BDE94912C22}.Debug|Any CPU.ActiveCfg = Debug|Any CPU
		{ADA4D716-D7C2-4128-A93D-3BDE94912C22}.Debug|Any CPU.Build.0 = Debug|Any CPU
		{ADA4D716-D7C2-4128-A93D-3BDE94912C22}.Release|Any CPU.ActiveCfg = Release|Any CPU
		{ADA4D716-D7C2-4128-A93D-3BDE94912C22}.Release|Any CPU.Build.0 = Release|Any CPU
	EndGlobalSection
	GlobalSection(SolutionProperties) = preSolution
		HideSolutionNode = FALSE
	EndGlobalSection
	GlobalSection(ExtensibilityGlobals) = postSolution
		SolutionGuid = {A32D8AA0-5878-43DF-99B6-6525C937BEF9}
	EndGlobalSection
EndGlobal
