
Microsoft Visual Studio Solution File, Format Version 12.00
# Visual Studio Version 17
VisualStudioVersion = 17.6.33815.320
MinimumVisualStudioVersion = 10.0.40219.1
Project("{FAE04EC0-301F-11D3-BF4B-00C04F79EFBC}") = "XmlDemo", "XmlDemo\XmlDemo.csproj", "{74157B5A-584C-4C1C-9771-32CF9EFABAB7}"
EndProject
Global
	GlobalSection(SolutionConfigurationPlatforms) = preSolution
		Debug|Any CPU = Debug|Any CPU
		Release|Any CPU = Release|Any CPU
	EndGlobalSection
	GlobalSection(ProjectConfigurationPlatforms) = postSolution
		{74157B5A-584C-4C1C-9771-32CF9EFABAB7}.Debug|Any CPU.ActiveCfg = Debug|Any CPU
		{74157B5A-584C-4C1C-9771-32CF9EFABAB7}.Debug|Any CPU.Build.0 = Debug|Any CPU
		{74157B5A-584C-4C1C-9771-32CF9EFABAB7}.Release|Any CPU.ActiveCfg = Release|Any CPU
		{74157B5A-584C-4C1C-9771-32CF9EFABAB7}.Release|Any CPU.Build.0 = Release|Any CPU
	EndGlobalSection
	GlobalSection(SolutionProperties) = preSolution
		HideSolutionNode = FALSE
	EndGlobalSection
	GlobalSection(ExtensibilityGlobals) = postSolution
		SolutionGuid = {758DEE15-6E18-4322-A28F-49E2010A11AC}
	EndGlobalSection
EndGlobal
