
Microsoft Visual Studio Solution File, Format Version 12.00
# Visual Studio Version 17
VisualStudioVersion = 17.6.33815.320
MinimumVisualStudioVersion = 10.0.40219.1
Project("{FAE04EC0-301F-11D3-BF4B-00C04F79EFBC}") = "testingPurpose", "testingPurpose\testingPurpose.csproj", "{4FE547B7-FE4D-4DEE-9683-6663DF5AAADA}"
EndProject
Global
	GlobalSection(SolutionConfigurationPlatforms) = preSolution
		Debug|Any CPU = Debug|Any CPU
		Release|Any CPU = Release|Any CPU
	EndGlobalSection
	GlobalSection(ProjectConfigurationPlatforms) = postSolution
		{4FE547B7-FE4D-4DEE-9683-6663DF5AAADA}.Debug|Any CPU.ActiveCfg = Debug|Any CPU
		{4FE547B7-FE4D-4DEE-9683-6663DF5AAADA}.Debug|Any CPU.Build.0 = Debug|Any CPU
		{4FE547B7-FE4D-4DEE-9683-6663DF5AAADA}.Release|Any CPU.ActiveCfg = Release|Any CPU
		{4FE547B7-FE4D-4DEE-9683-6663DF5AAADA}.Release|Any CPU.Build.0 = Release|Any CPU
	EndGlobalSection
	GlobalSection(SolutionProperties) = preSolution
		HideSolutionNode = FALSE
	EndGlobalSection
	GlobalSection(ExtensibilityGlobals) = postSolution
		SolutionGuid = {ED63979B-DC94-47B1-9694-AEE7D6CD79F7}
	EndGlobalSection
EndGlobal
