
Microsoft Visual Studio Solution File, Format Version 12.00
# Visual Studio Version 17
VisualStudioVersion = 17.6.33815.320
MinimumVisualStudioVersion = 10.0.40219.1
Project("{FAE04EC0-301F-11D3-BF4B-00C04F79EFBC}") = "updateNode", "updateNode\updateNode.csproj", "{0592DC7A-E25A-4425-A579-53C277C3D67F}"
EndProject
Global
	GlobalSection(SolutionConfigurationPlatforms) = preSolution
		Debug|Any CPU = Debug|Any CPU
		Release|Any CPU = Release|Any CPU
	EndGlobalSection
	GlobalSection(ProjectConfigurationPlatforms) = postSolution
		{0592DC7A-E25A-4425-A579-53C277C3D67F}.Debug|Any CPU.ActiveCfg = Debug|Any CPU
		{0592DC7A-E25A-4425-A579-53C277C3D67F}.Debug|Any CPU.Build.0 = Debug|Any CPU
		{0592DC7A-E25A-4425-A579-53C277C3D67F}.Release|Any CPU.ActiveCfg = Release|Any CPU
		{0592DC7A-E25A-4425-A579-53C277C3D67F}.Release|Any CPU.Build.0 = Release|Any CPU
	EndGlobalSection
	GlobalSection(SolutionProperties) = preSolution
		HideSolutionNode = FALSE
	EndGlobalSection
	GlobalSection(ExtensibilityGlobals) = postSolution
		SolutionGuid = {B3596B95-E344-4C36-B4AE-77EA052F6563}
	EndGlobalSection
EndGlobal
