
Microsoft Visual Studio Solution File, Format Version 12.00
# Visual Studio Version 17
VisualStudioVersion = 17.6.33815.320
MinimumVisualStudioVersion = 10.0.40219.1
Project("{FAE04EC0-301F-11D3-BF4B-00C04F79EFBC}") = "Expno6", "Expno6\Expno6.csproj", "{898F30E7-AD43-4FC3-AE6B-7465F1C61F2A}"
EndProject
Global
	GlobalSection(SolutionConfigurationPlatforms) = preSolution
		Debug|Any CPU = Debug|Any CPU
		Release|Any CPU = Release|Any CPU
	EndGlobalSection
	GlobalSection(ProjectConfigurationPlatforms) = postSolution
		{898F30E7-AD43-4FC3-AE6B-7465F1C61F2A}.Debug|Any CPU.ActiveCfg = Debug|Any CPU
		{898F30E7-AD43-4FC3-AE6B-7465F1C61F2A}.Debug|Any CPU.Build.0 = Debug|Any CPU
		{898F30E7-AD43-4FC3-AE6B-7465F1C61F2A}.Release|Any CPU.ActiveCfg = Release|Any CPU
		{898F30E7-AD43-4FC3-AE6B-7465F1C61F2A}.Release|Any CPU.Build.0 = Release|Any CPU
	EndGlobalSection
	GlobalSection(SolutionProperties) = preSolution
		HideSolutionNode = FALSE
	EndGlobalSection
	GlobalSection(ExtensibilityGlobals) = postSolution
		SolutionGuid = {C91ACF81-D198-43E4-8FAB-119F0D791365}
	EndGlobalSection
EndGlobal
