
Microsoft Visual Studio Solution File, Format Version 12.00
# Visual Studio Version 17
VisualStudioVersion = 17.6.33815.320
MinimumVisualStudioVersion = 10.0.40219.1
Project("{FAE04EC0-301F-11D3-BF4B-00C04F79EFBC}") = "ExpNo1", "ExpNo1\ExpNo1.csproj", "{06C432A7-A138-4AAB-906A-E83773FA38AF}"
EndProject
Global
	GlobalSection(SolutionConfigurationPlatforms) = preSolution
		Debug|Any CPU = Debug|Any CPU
		Release|Any CPU = Release|Any CPU
	EndGlobalSection
	GlobalSection(ProjectConfigurationPlatforms) = postSolution
		{06C432A7-A138-4AAB-906A-E83773FA38AF}.Debug|Any CPU.ActiveCfg = Debug|Any CPU
		{06C432A7-A138-4AAB-906A-E83773FA38AF}.Debug|Any CPU.Build.0 = Debug|Any CPU
		{06C432A7-A138-4AAB-906A-E83773FA38AF}.Release|Any CPU.ActiveCfg = Release|Any CPU
		{06C432A7-A138-4AAB-906A-E83773FA38AF}.Release|Any CPU.Build.0 = Release|Any CPU
	EndGlobalSection
	GlobalSection(SolutionProperties) = preSolution
		HideSolutionNode = FALSE
	EndGlobalSection
	GlobalSection(ExtensibilityGlobals) = postSolution
		SolutionGuid = {45C0AD1F-8B41-4066-BFC4-F1751145CB89}
	EndGlobalSection
EndGlobal
