
Microsoft Visual Studio Solution File, Format Version 12.00
# Visual Studio Version 17
VisualStudioVersion = 17.6.33815.320
MinimumVisualStudioVersion = 10.0.40219.1
Project("{FAE04EC0-301F-11D3-BF4B-00C04F79EFBC}") = "reflections", "reflections\reflections.csproj", "{7BCD3061-D2A1-4427-A44E-F9C98E454E34}"
EndProject
Global
	GlobalSection(SolutionConfigurationPlatforms) = preSolution
		Debug|Any CPU = Debug|Any CPU
		Release|Any CPU = Release|Any CPU
	EndGlobalSection
	GlobalSection(ProjectConfigurationPlatforms) = postSolution
		{7BCD3061-D2A1-4427-A44E-F9C98E454E34}.Debug|Any CPU.ActiveCfg = Debug|Any CPU
		{7BCD3061-D2A1-4427-A44E-F9C98E454E34}.Debug|Any CPU.Build.0 = Debug|Any CPU
		{7BCD3061-D2A1-4427-A44E-F9C98E454E34}.Release|Any CPU.ActiveCfg = Release|Any CPU
		{7BCD3061-D2A1-4427-A44E-F9C98E454E34}.Release|Any CPU.Build.0 = Release|Any CPU
	EndGlobalSection
	GlobalSection(SolutionProperties) = preSolution
		HideSolutionNode = FALSE
	EndGlobalSection
	GlobalSection(ExtensibilityGlobals) = postSolution
		SolutionGuid = {2AC8A079-B13F-494B-AB77-C4A1AC9445E3}
	EndGlobalSection
EndGlobal
