
Microsoft Visual Studio Solution File, Format Version 12.00
# Visual Studio Version 17
VisualStudioVersion = 17.6.33815.320
MinimumVisualStudioVersion = 10.0.40219.1
Project("{FAE04EC0-301F-11D3-BF4B-00C04F79EFBC}") = "Expno2", "Expno2\Expno2.csproj", "{835958EE-06C1-49B9-8375-7015599BF66F}"
EndProject
Global
	GlobalSection(SolutionConfigurationPlatforms) = preSolution
		Debug|Any CPU = Debug|Any CPU
		Release|Any CPU = Release|Any CPU
	EndGlobalSection
	GlobalSection(ProjectConfigurationPlatforms) = postSolution
		{835958EE-06C1-49B9-8375-7015599BF66F}.Debug|Any CPU.ActiveCfg = Debug|Any CPU
		{835958EE-06C1-49B9-8375-7015599BF66F}.Debug|Any CPU.Build.0 = Debug|Any CPU
		{835958EE-06C1-49B9-8375-7015599BF66F}.Release|Any CPU.ActiveCfg = Release|Any CPU
		{835958EE-06C1-49B9-8375-7015599BF66F}.Release|Any CPU.Build.0 = Release|Any CPU
	EndGlobalSection
	GlobalSection(SolutionProperties) = preSolution
		HideSolutionNode = FALSE
	EndGlobalSection
	GlobalSection(ExtensibilityGlobals) = postSolution
		SolutionGuid = {D9FBA0CD-1A0F-4BFD-9DF7-93B35D664844}
	EndGlobalSection
EndGlobal
