
Microsoft Visual Studio Solution File, Format Version 12.00
# Visual Studio Version 17
VisualStudioVersion = 17.6.33815.320
MinimumVisualStudioVersion = 10.0.40219.1
Project("{FAE04EC0-301F-11D3-BF4B-00C04F79EFBC}") = "Expno5", "Expno5\Expno5.csproj", "{AAE91A16-797A-4BE5-8837-ADC54FCADEF0}"
EndProject
Global
	GlobalSection(SolutionConfigurationPlatforms) = preSolution
		Debug|Any CPU = Debug|Any CPU
		Release|Any CPU = Release|Any CPU
	EndGlobalSection
	GlobalSection(ProjectConfigurationPlatforms) = postSolution
		{AAE91A16-797A-4BE5-8837-ADC54FCADEF0}.Debug|Any CPU.ActiveCfg = Debug|Any CPU
		{AAE91A16-797A-4BE5-8837-ADC54FCADEF0}.Debug|Any CPU.Build.0 = Debug|Any CPU
		{AAE91A16-797A-4BE5-8837-ADC54FCADEF0}.Release|Any CPU.ActiveCfg = Release|Any CPU
		{AAE91A16-797A-4BE5-8837-ADC54FCADEF0}.Release|Any CPU.Build.0 = Release|Any CPU
	EndGlobalSection
	GlobalSection(SolutionProperties) = preSolution
		HideSolutionNode = FALSE
	EndGlobalSection
	GlobalSection(ExtensibilityGlobals) = postSolution
		SolutionGuid = {A964796A-B82B-42CE-A226-1B965130A2F1}
	EndGlobalSection
EndGlobal
