
Microsoft Visual Studio Solution File, Format Version 12.00
# Visual Studio Version 17
VisualStudioVersion = 17.6.33815.320
MinimumVisualStudioVersion = 10.0.40219.1
Project("{FAE04EC0-301F-11D3-BF4B-00C04F79EFBC}") = "indexOutofRange", "indexOutofRange\indexOutofRange.csproj", "{8A317385-27FC-4AB0-9AD5-84D4B1A201A4}"
EndProject
Global
	GlobalSection(SolutionConfigurationPlatforms) = preSolution
		Debug|Any CPU = Debug|Any CPU
		Release|Any CPU = Release|Any CPU
	EndGlobalSection
	GlobalSection(ProjectConfigurationPlatforms) = postSolution
		{8A317385-27FC-4AB0-9AD5-84D4B1A201A4}.Debug|Any CPU.ActiveCfg = Debug|Any CPU
		{8A317385-27FC-4AB0-9AD5-84D4B1A201A4}.Debug|Any CPU.Build.0 = Debug|Any CPU
		{8A317385-27FC-4AB0-9AD5-84D4B1A201A4}.Release|Any CPU.ActiveCfg = Release|Any CPU
		{8A317385-27FC-4AB0-9AD5-84D4B1A201A4}.Release|Any CPU.Build.0 = Release|Any CPU
	EndGlobalSection
	GlobalSection(SolutionProperties) = preSolution
		HideSolutionNode = FALSE
	EndGlobalSection
	GlobalSection(ExtensibilityGlobals) = postSolution
		SolutionGuid = {E3D29322-2735-4964-AFE2-92AE49E1D20A}
	EndGlobalSection
EndGlobal
