
Microsoft Visual Studio Solution File, Format Version 12.00
# Visual Studio Version 17
VisualStudioVersion = 17.6.33815.320
MinimumVisualStudioVersion = 10.0.40219.1
Project("{FAE04EC0-301F-11D3-BF4B-00C04F79EFBC}") = "WpfApp4", "WpfApp4\WpfApp4.csproj", "{465FE547-C302-4305-AB1F-F7144E34DF1A}"
EndProject
Global
	GlobalSection(SolutionConfigurationPlatforms) = preSolution
		Debug|Any CPU = Debug|Any CPU
		Release|Any CPU = Release|Any CPU
	EndGlobalSection
	GlobalSection(ProjectConfigurationPlatforms) = postSolution
		{465FE547-C302-4305-AB1F-F7144E34DF1A}.Debug|Any CPU.ActiveCfg = Debug|Any CPU
		{465FE547-C302-4305-AB1F-F7144E34DF1A}.Debug|Any CPU.Build.0 = Debug|Any CPU
		{465FE547-C302-4305-AB1F-F7144E34DF1A}.Release|Any CPU.ActiveCfg = Release|Any CPU
		{465FE547-C302-4305-AB1F-F7144E34DF1A}.Release|Any CPU.Build.0 = Release|Any CPU
	EndGlobalSection
	GlobalSection(SolutionProperties) = preSolution
		HideSolutionNode = FALSE
	EndGlobalSection
	GlobalSection(ExtensibilityGlobals) = postSolution
		SolutionGuid = {80119D5E-22C9-4A88-B0DB-735DE480DCE5}
	EndGlobalSection
EndGlobal
