
Microsoft Visual Studio Solution File, Format Version 12.00
# Visual Studio Version 17
VisualStudioVersion = 17.6.33815.320
MinimumVisualStudioVersion = 10.0.40219.1
Project("{FAE04EC0-301F-11D3-BF4B-00C04F79EFBC}") = "feetToinch", "feetToinch\feetToinch.csproj", "{2E8E575A-DADF-480F-B545-F01995D89475}"
EndProject
Global
	GlobalSection(SolutionConfigurationPlatforms) = preSolution
		Debug|Any CPU = Debug|Any CPU
		Release|Any CPU = Release|Any CPU
	EndGlobalSection
	GlobalSection(ProjectConfigurationPlatforms) = postSolution
		{2E8E575A-DADF-480F-B545-F01995D89475}.Debug|Any CPU.ActiveCfg = Debug|Any CPU
		{2E8E575A-DADF-480F-B545-F01995D89475}.Debug|Any CPU.Build.0 = Debug|Any CPU
		{2E8E575A-DADF-480F-B545-F01995D89475}.Release|Any CPU.ActiveCfg = Release|Any CPU
		{2E8E575A-DADF-480F-B545-F01995D89475}.Release|Any CPU.Build.0 = Release|Any CPU
	EndGlobalSection
	GlobalSection(SolutionProperties) = preSolution
		HideSolutionNode = FALSE
	EndGlobalSection
	GlobalSection(ExtensibilityGlobals) = postSolution
		SolutionGuid = {F2DF8DC2-2265-47CD-997E-6F98BC4389C0}
	EndGlobalSection
EndGlobal
